
Microsoft Visual Studio Solution File, Format Version 12.00
# Visual Studio Version 17
VisualStudioVersion = 17.14.36705.20 d17.14
MinimumVisualStudioVersion = 10.0.40219.1
Project("{FAE04EC0-301F-11D3-BF4B-00C04F79EFBC}") = "DescarConector_Mbom", "DescarConector_Mbom.csproj", "{7D7828D1-19EC-9496-9E34-77E2FEB8AA2B}"
EndProject
Global
	GlobalSection(SolutionConfigurationPlatforms) = preSolution
		Debug|Any CPU = Debug|Any CPU
		Release|Any CPU = Release|Any CPU
	EndGlobalSection
	GlobalSection(ProjectConfigurationPlatforms) = postSolution
		{7D7828D1-19EC-9496-9E34-77E2FEB8AA2B}.Debug|Any CPU.ActiveCfg = Debug|Any CPU
		{7D7828D1-19EC-9496-9E34-77E2FEB8AA2B}.Debug|Any CPU.Build.0 = Debug|Any CPU
		{7D7828D1-19EC-9496-9E34-77E2FEB8AA2B}.Release|Any CPU.ActiveCfg = Release|Any CPU
		{7D7828D1-19EC-9496-9E34-77E2FEB8AA2B}.Release|Any CPU.Build.0 = Release|Any CPU
	EndGlobalSection
	GlobalSection(SolutionProperties) = preSolution
		HideSolutionNode = FALSE
	EndGlobalSection
	GlobalSection(ExtensibilityGlobals) = postSolution
		SolutionGuid = {F17C294F-73FF-4B3B-A9F6-D367AD24CF1F}
	EndGlobalSection
EndGlobal
